
Microsoft Visual Studio Solution File, Format Version 12.00
# Visual Studio Version 17
VisualStudioVersion = 17.5.002.0
MinimumVisualStudioVersion = 10.0.40219.1
Project("{9A19103F-16F7-4668-BE54-9A1E7A4F7556}") = "LavenirSite", "LavenirSite.csproj", "{89CB08A5-CFBF-429D-B908-82BC57908A0C}"
EndProject
Global
	GlobalSection(SolutionConfigurationPlatforms) = preSolution
		Debug|Any CPU = Debug|Any CPU
		Release|Any CPU = Release|Any CPU
	EndGlobalSection
	GlobalSection(ProjectConfigurationPlatforms) = postSolution
		{89CB08A5-CFBF-429D-B908-82BC57908A0C}.Debug|Any CPU.ActiveCfg = Debug|Any CPU
		{89CB08A5-CFBF-429D-B908-82BC57908A0C}.Debug|Any CPU.Build.0 = Debug|Any CPU
		{89CB08A5-CFBF-429D-B908-82BC57908A0C}.Release|Any CPU.ActiveCfg = Release|Any CPU
		{89CB08A5-CFBF-429D-B908-82BC57908A0C}.Release|Any CPU.Build.0 = Release|Any CPU
	EndGlobalSection
	GlobalSection(SolutionProperties) = preSolution
		HideSolutionNode = FALSE
	EndGlobalSection
	GlobalSection(ExtensibilityGlobals) = postSolution
		SolutionGuid = {1D2327E7-C4F3-4470-806D-0F301D6212B8}
	EndGlobalSection
EndGlobal
